
Microsoft Visual Studio Solution File, Format Version 12.00
# Visual Studio 15
VisualStudioVersion = 15.0.28307.329
MinimumVisualStudioVersion = 10.0.40219.1
Project("{2150E333-8FDC-42A3-9474-1A3956D46DE8}") = "src", "src", "{B1C63DDA-BE8B-47D2-ADAE-68F89D93AC4A}"
EndProject
Project("{2150E333-8FDC-42A3-9474-1A3956D46DE8}") = "test", "test", "{8B1A3CDD-C944-4094-B287-5F2C8D73D55C}"
EndProject
Project("{9A19103F-16F7-4668-BE54-9A1E7A4F7556}") = "Aurochses.IdentityServer.Website", "src\Aurochses.IdentityServer.Website\Aurochses.IdentityServer.Website.csproj", "{FC6E08A9-9889-431F-A7F0-6618C741D89C}"
EndProject
Project("{9A19103F-16F7-4668-BE54-9A1E7A4F7556}") = "Aurochses.IdentityServer.Website.Tests", "test\Aurochses.IdentityServer.Website.Tests\Aurochses.IdentityServer.Website.Tests.csproj", "{84D715BD-C1B5-45E6-BE7B-EF0AD46C885C}"
EndProject
Project("{FAE04EC0-301F-11D3-BF4B-00C04F79EFBC}") = "Aurochses.IdentityServer.Website.IntegrationTests", "test\Aurochses.IdentityServer.Website.IntegrationTests\Aurochses.IdentityServer.Website.IntegrationTests.csproj", "{94C8D275-EDA2-41EE-BA56-89EFCA3CD5DE}"
EndProject
Project("{FAE04EC0-301F-11D3-BF4B-00C04F79EFBC}") = "Aurochses.IdentityServer.Website.SeleniumTests", "test\Aurochses.IdentityServer.Website.SeleniumTests\Aurochses.IdentityServer.Website.SeleniumTests.csproj", "{D75D2817-8C75-4795-A651-05F64FF23D61}"
EndProject
Project("{2150E333-8FDC-42A3-9474-1A3956D46DE8}") = "database", "database", "{841A0079-2559-4CF6-9239-09845566BC6A}"
EndProject
Project("{2150E333-8FDC-42A3-9474-1A3956D46DE8}") = "src", "src", "{22A2A36E-F8DA-49A7-B1A4-FD2621542D56}"
EndProject
Project("{2150E333-8FDC-42A3-9474-1A3956D46DE8}") = "test", "test", "{F1077D97-8CD0-4DA5-B6DF-99AEA1C84F03}"
EndProject
Project("{FAE04EC0-301F-11D3-BF4B-00C04F79EFBC}") = "Aurochses.IdentityServer.Database", "database\src\Aurochses.IdentityServer.Database\Aurochses.IdentityServer.Database.csproj", "{AEB7C2DC-6239-40E2-B578-5273FCF54965}"
EndProject
Project("{FAE04EC0-301F-11D3-BF4B-00C04F79EFBC}") = "Aurochses.IdentityServer.Database.Tests", "database\test\Aurochses.IdentityServer.Database.Tests\Aurochses.IdentityServer.Database.Tests.csproj", "{8D8C524E-96FC-4969-A81E-76BF3BF6D8D5}"
EndProject
Project("{FAE04EC0-301F-11D3-BF4B-00C04F79EFBC}") = "Aurochses.IdentityServer.Database.IntegrationTests", "database\test\Aurochses.IdentityServer.Database.IntegrationTests\Aurochses.IdentityServer.Database.IntegrationTests.csproj", "{B25B1908-D308-4F13-9E48-1DDD555C921E}"
EndProject
Project("{FAE04EC0-301F-11D3-BF4B-00C04F79EFBC}") = "Aurochses.IdentityServer.Database.Data", "database\src\Aurochses.IdentityServer.Database.Data\Aurochses.IdentityServer.Database.Data.csproj", "{D443571F-7A94-44E2-90E6-AD1C476F58DE}"
EndProject
Global
	GlobalSection(SolutionConfigurationPlatforms) = preSolution
		Debug|Any CPU = Debug|Any CPU
		Release|Any CPU = Release|Any CPU
	EndGlobalSection
	GlobalSection(ProjectConfigurationPlatforms) = postSolution
		{FC6E08A9-9889-431F-A7F0-6618C741D89C}.Debug|Any CPU.ActiveCfg = Debug|Any CPU
		{FC6E08A9-9889-431F-A7F0-6618C741D89C}.Debug|Any CPU.Build.0 = Debug|Any CPU
		{FC6E08A9-9889-431F-A7F0-6618C741D89C}.Release|Any CPU.ActiveCfg = Release|Any CPU
		{FC6E08A9-9889-431F-A7F0-6618C741D89C}.Release|Any CPU.Build.0 = Release|Any CPU
		{84D715BD-C1B5-45E6-BE7B-EF0AD46C885C}.Debug|Any CPU.ActiveCfg = Debug|Any CPU
		{84D715BD-C1B5-45E6-BE7B-EF0AD46C885C}.Debug|Any CPU.Build.0 = Debug|Any CPU
		{84D715BD-C1B5-45E6-BE7B-EF0AD46C885C}.Release|Any CPU.ActiveCfg = Release|Any CPU
		{84D715BD-C1B5-45E6-BE7B-EF0AD46C885C}.Release|Any CPU.Build.0 = Release|Any CPU
		{94C8D275-EDA2-41EE-BA56-89EFCA3CD5DE}.Debug|Any CPU.ActiveCfg = Debug|Any CPU
		{94C8D275-EDA2-41EE-BA56-89EFCA3CD5DE}.Debug|Any CPU.Build.0 = Debug|Any CPU
		{94C8D275-EDA2-41EE-BA56-89EFCA3CD5DE}.Release|Any CPU.ActiveCfg = Release|Any CPU
		{94C8D275-EDA2-41EE-BA56-89EFCA3CD5DE}.Release|Any CPU.Build.0 = Release|Any CPU
		{D75D2817-8C75-4795-A651-05F64FF23D61}.Debug|Any CPU.ActiveCfg = Debug|Any CPU
		{D75D2817-8C75-4795-A651-05F64FF23D61}.Debug|Any CPU.Build.0 = Debug|Any CPU
		{D75D2817-8C75-4795-A651-05F64FF23D61}.Release|Any CPU.ActiveCfg = Release|Any CPU
		{D75D2817-8C75-4795-A651-05F64FF23D61}.Release|Any CPU.Build.0 = Release|Any CPU
		{AEB7C2DC-6239-40E2-B578-5273FCF54965}.Debug|Any CPU.ActiveCfg = Debug|Any CPU
		{AEB7C2DC-6239-40E2-B578-5273FCF54965}.Debug|Any CPU.Build.0 = Debug|Any CPU
		{AEB7C2DC-6239-40E2-B578-5273FCF54965}.Release|Any CPU.ActiveCfg = Release|Any CPU
		{AEB7C2DC-6239-40E2-B578-5273FCF54965}.Release|Any CPU.Build.0 = Release|Any CPU
		{8D8C524E-96FC-4969-A81E-76BF3BF6D8D5}.Debug|Any CPU.ActiveCfg = Debug|Any CPU
		{8D8C524E-96FC-4969-A81E-76BF3BF6D8D5}.Debug|Any CPU.Build.0 = Debug|Any CPU
		{8D8C524E-96FC-4969-A81E-76BF3BF6D8D5}.Release|Any CPU.ActiveCfg = Release|Any CPU
		{8D8C524E-96FC-4969-A81E-76BF3BF6D8D5}.Release|Any CPU.Build.0 = Release|Any CPU
		{B25B1908-D308-4F13-9E48-1DDD555C921E}.Debug|Any CPU.ActiveCfg = Debug|Any CPU
		{B25B1908-D308-4F13-9E48-1DDD555C921E}.Debug|Any CPU.Build.0 = Debug|Any CPU
		{B25B1908-D308-4F13-9E48-1DDD555C921E}.Release|Any CPU.ActiveCfg = Release|Any CPU
		{B25B1908-D308-4F13-9E48-1DDD555C921E}.Release|Any CPU.Build.0 = Release|Any CPU
		{D443571F-7A94-44E2-90E6-AD1C476F58DE}.Debug|Any CPU.ActiveCfg = Debug|Any CPU
		{D443571F-7A94-44E2-90E6-AD1C476F58DE}.Debug|Any CPU.Build.0 = Debug|Any CPU
		{D443571F-7A94-44E2-90E6-AD1C476F58DE}.Release|Any CPU.ActiveCfg = Release|Any CPU
		{D443571F-7A94-44E2-90E6-AD1C476F58DE}.Release|Any CPU.Build.0 = Release|Any CPU
	EndGlobalSection
	GlobalSection(SolutionProperties) = preSolution
		HideSolutionNode = FALSE
	EndGlobalSection
	GlobalSection(NestedProjects) = preSolution
		{FC6E08A9-9889-431F-A7F0-6618C741D89C} = {B1C63DDA-BE8B-47D2-ADAE-68F89D93AC4A}
		{84D715BD-C1B5-45E6-BE7B-EF0AD46C885C} = {8B1A3CDD-C944-4094-B287-5F2C8D73D55C}
		{94C8D275-EDA2-41EE-BA56-89EFCA3CD5DE} = {8B1A3CDD-C944-4094-B287-5F2C8D73D55C}
		{D75D2817-8C75-4795-A651-05F64FF23D61} = {8B1A3CDD-C944-4094-B287-5F2C8D73D55C}
		{22A2A36E-F8DA-49A7-B1A4-FD2621542D56} = {841A0079-2559-4CF6-9239-09845566BC6A}
		{F1077D97-8CD0-4DA5-B6DF-99AEA1C84F03} = {841A0079-2559-4CF6-9239-09845566BC6A}
		{AEB7C2DC-6239-40E2-B578-5273FCF54965} = {22A2A36E-F8DA-49A7-B1A4-FD2621542D56}
		{8D8C524E-96FC-4969-A81E-76BF3BF6D8D5} = {F1077D97-8CD0-4DA5-B6DF-99AEA1C84F03}
		{B25B1908-D308-4F13-9E48-1DDD555C921E} = {F1077D97-8CD0-4DA5-B6DF-99AEA1C84F03}
		{D443571F-7A94-44E2-90E6-AD1C476F58DE} = {22A2A36E-F8DA-49A7-B1A4-FD2621542D56}
	EndGlobalSection
	GlobalSection(ExtensibilityGlobals) = postSolution
		SolutionGuid = {EEA9EB59-DC2F-4B53-BDDC-A201862F313B}
	EndGlobalSection
EndGlobal
