
Microsoft Visual Studio Solution File, Format Version 12.00
# Visual Studio 15
VisualStudioVersion = 15.0.27130.2010
MinimumVisualStudioVersion = 10.0.40219.1
Project("{2150E333-8FDC-42A3-9474-1A3956D46DE8}") = "database", "database", "{803E30F9-A342-40A6-8A87-E78EE070C01E}"
EndProject
Project("{2150E333-8FDC-42A3-9474-1A3956D46DE8}") = "src", "src", "{3E0457B5-A148-4FAB-B266-259D86758043}"
EndProject
Project("{2150E333-8FDC-42A3-9474-1A3956D46DE8}") = "test", "test", "{DD3A6381-5A08-4395-A918-913947D91850}"
EndProject
Project("{9A19103F-16F7-4668-BE54-9A1E7A4F7556}") = "Aurochses.IdentityServer.Database", "database\Aurochses.IdentityServer.Database\Aurochses.IdentityServer.Database.csproj", "{A9DB9CC4-5657-441B-898C-7B800326EAEB}"
EndProject
Project("{9A19103F-16F7-4668-BE54-9A1E7A4F7556}") = "Aurochses.IdentityServer.Database.Data", "database\Aurochses.IdentityServer.Database.Data\Aurochses.IdentityServer.Database.Data.csproj", "{EFAA447A-BED7-4C48-8074-3FE47CBCE087}"
EndProject
Project("{9A19103F-16F7-4668-BE54-9A1E7A4F7556}") = "Aurochses.IdentityServer.WebSite", "src\Aurochses.IdentityServer.WebSite\Aurochses.IdentityServer.WebSite.csproj", "{5A52EC99-70F0-4F37-96B9-456A30B72444}"
EndProject
Project("{9A19103F-16F7-4668-BE54-9A1E7A4F7556}") = "Aurochses.IdentityServer.WebSite.IntegrationTests", "test\Aurochses.IdentityServer.WebSite.IntegrationTests\Aurochses.IdentityServer.WebSite.IntegrationTests.csproj", "{CB6EF9F3-F8AD-4EE5-B5A9-EF7357E87AD5}"
EndProject
Project("{9A19103F-16F7-4668-BE54-9A1E7A4F7556}") = "Aurochses.IdentityServer.WebSite.SeleniumTests", "test\Aurochses.IdentityServer.WebSite.SeleniumTests\Aurochses.IdentityServer.WebSite.SeleniumTests.csproj", "{DC84D874-E628-4430-9B0C-61CDDDDBB068}"
EndProject
Project("{9A19103F-16F7-4668-BE54-9A1E7A4F7556}") = "Aurochses.IdentityServer.WebSite.Tests", "test\Aurochses.IdentityServer.WebSite.Tests\Aurochses.IdentityServer.WebSite.Tests.csproj", "{3CE58275-3F26-4852-9D3B-AAF4C2970FAA}"
EndProject
Project("{2150E333-8FDC-42A3-9474-1A3956D46DE8}") = "api", "api", "{1611AC2B-D5D6-424C-9ED8-C301BAD9FD7F}"
EndProject
Project("{9A19103F-16F7-4668-BE54-9A1E7A4F7556}") = "Aurochses.IdentityServer.WebSite.Api", "api\Aurochses.IdentityServer.WebSite.Api\Aurochses.IdentityServer.WebSite.Api.csproj", "{40B7AA56-CC0E-4477-955F-742D606B7E1A}"
EndProject
Global
	GlobalSection(SolutionConfigurationPlatforms) = preSolution
		Debug|Any CPU = Debug|Any CPU
		Release|Any CPU = Release|Any CPU
	EndGlobalSection
	GlobalSection(ProjectConfigurationPlatforms) = postSolution
		{A9DB9CC4-5657-441B-898C-7B800326EAEB}.Debug|Any CPU.ActiveCfg = Debug|Any CPU
		{A9DB9CC4-5657-441B-898C-7B800326EAEB}.Debug|Any CPU.Build.0 = Debug|Any CPU
		{A9DB9CC4-5657-441B-898C-7B800326EAEB}.Release|Any CPU.ActiveCfg = Release|Any CPU
		{A9DB9CC4-5657-441B-898C-7B800326EAEB}.Release|Any CPU.Build.0 = Release|Any CPU
		{EFAA447A-BED7-4C48-8074-3FE47CBCE087}.Debug|Any CPU.ActiveCfg = Debug|Any CPU
		{EFAA447A-BED7-4C48-8074-3FE47CBCE087}.Debug|Any CPU.Build.0 = Debug|Any CPU
		{EFAA447A-BED7-4C48-8074-3FE47CBCE087}.Release|Any CPU.ActiveCfg = Release|Any CPU
		{EFAA447A-BED7-4C48-8074-3FE47CBCE087}.Release|Any CPU.Build.0 = Release|Any CPU
		{5A52EC99-70F0-4F37-96B9-456A30B72444}.Debug|Any CPU.ActiveCfg = Debug|Any CPU
		{5A52EC99-70F0-4F37-96B9-456A30B72444}.Debug|Any CPU.Build.0 = Debug|Any CPU
		{5A52EC99-70F0-4F37-96B9-456A30B72444}.Release|Any CPU.ActiveCfg = Release|Any CPU
		{5A52EC99-70F0-4F37-96B9-456A30B72444}.Release|Any CPU.Build.0 = Release|Any CPU
		{CB6EF9F3-F8AD-4EE5-B5A9-EF7357E87AD5}.Debug|Any CPU.ActiveCfg = Debug|Any CPU
		{CB6EF9F3-F8AD-4EE5-B5A9-EF7357E87AD5}.Debug|Any CPU.Build.0 = Debug|Any CPU
		{CB6EF9F3-F8AD-4EE5-B5A9-EF7357E87AD5}.Release|Any CPU.ActiveCfg = Release|Any CPU
		{CB6EF9F3-F8AD-4EE5-B5A9-EF7357E87AD5}.Release|Any CPU.Build.0 = Release|Any CPU
		{DC84D874-E628-4430-9B0C-61CDDDDBB068}.Debug|Any CPU.ActiveCfg = Debug|Any CPU
		{DC84D874-E628-4430-9B0C-61CDDDDBB068}.Debug|Any CPU.Build.0 = Debug|Any CPU
		{DC84D874-E628-4430-9B0C-61CDDDDBB068}.Release|Any CPU.ActiveCfg = Release|Any CPU
		{DC84D874-E628-4430-9B0C-61CDDDDBB068}.Release|Any CPU.Build.0 = Release|Any CPU
		{3CE58275-3F26-4852-9D3B-AAF4C2970FAA}.Debug|Any CPU.ActiveCfg = Debug|Any CPU
		{3CE58275-3F26-4852-9D3B-AAF4C2970FAA}.Debug|Any CPU.Build.0 = Debug|Any CPU
		{3CE58275-3F26-4852-9D3B-AAF4C2970FAA}.Release|Any CPU.ActiveCfg = Release|Any CPU
		{3CE58275-3F26-4852-9D3B-AAF4C2970FAA}.Release|Any CPU.Build.0 = Release|Any CPU
		{40B7AA56-CC0E-4477-955F-742D606B7E1A}.Debug|Any CPU.ActiveCfg = Debug|Any CPU
		{40B7AA56-CC0E-4477-955F-742D606B7E1A}.Debug|Any CPU.Build.0 = Debug|Any CPU
		{40B7AA56-CC0E-4477-955F-742D606B7E1A}.Release|Any CPU.ActiveCfg = Release|Any CPU
		{40B7AA56-CC0E-4477-955F-742D606B7E1A}.Release|Any CPU.Build.0 = Release|Any CPU
	EndGlobalSection
	GlobalSection(SolutionProperties) = preSolution
		HideSolutionNode = FALSE
	EndGlobalSection
	GlobalSection(NestedProjects) = preSolution
		{A9DB9CC4-5657-441B-898C-7B800326EAEB} = {803E30F9-A342-40A6-8A87-E78EE070C01E}
		{EFAA447A-BED7-4C48-8074-3FE47CBCE087} = {803E30F9-A342-40A6-8A87-E78EE070C01E}
		{5A52EC99-70F0-4F37-96B9-456A30B72444} = {3E0457B5-A148-4FAB-B266-259D86758043}
		{CB6EF9F3-F8AD-4EE5-B5A9-EF7357E87AD5} = {DD3A6381-5A08-4395-A918-913947D91850}
		{DC84D874-E628-4430-9B0C-61CDDDDBB068} = {DD3A6381-5A08-4395-A918-913947D91850}
		{3CE58275-3F26-4852-9D3B-AAF4C2970FAA} = {DD3A6381-5A08-4395-A918-913947D91850}
		{40B7AA56-CC0E-4477-955F-742D606B7E1A} = {1611AC2B-D5D6-424C-9ED8-C301BAD9FD7F}
	EndGlobalSection
	GlobalSection(ExtensibilityGlobals) = postSolution
		SolutionGuid = {C1EB2964-9157-4F7D-BBD9-39029A7EABB1}
	EndGlobalSection
EndGlobal
